
Microsoft Visual Studio Solution File, Format Version 12.00
# Visual Studio Version 16
VisualStudioVersion = 16.0.30611.23
MinimumVisualStudioVersion = 10.0.40219.1
Project("{FAE04EC0-301F-11D3-BF4B-00C04F79EFBC}") = "winapp", "winapp.csproj", "{A386DCE2-DCD1-4D63-B3DF-770B48343D06}"
EndProject
Project("{FAE04EC0-301F-11D3-BF4B-00C04F79EFBC}") = "动作库", "..\动作\动作库.csproj", "{5B664197-A3C8-4F78-A21C-64C15E6B1E95}"
EndProject
Global
	GlobalSection(SolutionConfigurationPlatforms) = preSolution
		Debug|Any CPU = Debug|Any CPU
		Release|Any CPU = Release|Any CPU
	EndGlobalSection
	GlobalSection(ProjectConfigurationPlatforms) = postSolution
		{A386DCE2-DCD1-4D63-B3DF-770B48343D06}.Debug|Any CPU.ActiveCfg = Debug|Any CPU
		{A386DCE2-DCD1-4D63-B3DF-770B48343D06}.Debug|Any CPU.Build.0 = Debug|Any CPU
		{A386DCE2-DCD1-4D63-B3DF-770B48343D06}.Release|Any CPU.ActiveCfg = Release|Any CPU
		{A386DCE2-DCD1-4D63-B3DF-770B48343D06}.Release|Any CPU.Build.0 = Release|Any CPU
		{5B664197-A3C8-4F78-A21C-64C15E6B1E95}.Debug|Any CPU.ActiveCfg = Debug|Any CPU
		{5B664197-A3C8-4F78-A21C-64C15E6B1E95}.Debug|Any CPU.Build.0 = Debug|Any CPU
		{5B664197-A3C8-4F78-A21C-64C15E6B1E95}.Release|Any CPU.ActiveCfg = Release|Any CPU
		{5B664197-A3C8-4F78-A21C-64C15E6B1E95}.Release|Any CPU.Build.0 = Release|Any CPU
	EndGlobalSection
	GlobalSection(SolutionProperties) = preSolution
		HideSolutionNode = FALSE
	EndGlobalSection
	GlobalSection(ExtensibilityGlobals) = postSolution
		SolutionGuid = {00AA922F-F9AF-453C-8A7D-63F42131DE05}
	EndGlobalSection
EndGlobal
